Microsoft Visual Studio Solution File, Format Version 11.00
# Visual Studio 2008

Project("{ED5E98CD-5F8E-AE1B-A7DD-3CCCB3916EA6}") = "FurnitureAR", "Assembly-CSharp.csproj", "{4C33586D-E399-DC51-4ADA-B6CA924AD9F8}"
EndProject
Project("{ED5E98CD-5F8E-AE1B-A7DD-3CCCB3916EA6}") = "FurnitureAR", "Assembly-CSharp-Editor.csproj", "{4B520087-71DE-2D9F-38F8-D73BE9A8008C}"
EndProject
Global
	GlobalSection(SolutionConfigurationPlatforms) = preSolution
		Debug|Any CPU = Debug|Any CPU
		Release|Any CPU = Release|Any CPU
	EndGlobalSection
	GlobalSection(ProjectConfigurationPlatforms) = postSolution
		{4C33586D-E399-DC51-4ADA-B6CA924AD9F8}.Debug|Any CPU.ActiveCfg = Debug|Any CPU
		{4C33586D-E399-DC51-4ADA-B6CA924AD9F8}.Debug|Any CPU.Build.0 = Debug|Any CPU
		{4C33586D-E399-DC51-4ADA-B6CA924AD9F8}.Release|Any CPU.ActiveCfg = Release|Any CPU
		{4C33586D-E399-DC51-4ADA-B6CA924AD9F8}.Release|Any CPU.Build.0 = Release|Any CPU
		{4B520087-71DE-2D9F-38F8-D73BE9A8008C}.Debug|Any CPU.ActiveCfg = Debug|Any CPU
		{4B520087-71DE-2D9F-38F8-D73BE9A8008C}.Debug|Any CPU.Build.0 = Debug|Any CPU
		{4B520087-71DE-2D9F-38F8-D73BE9A8008C}.Release|Any CPU.ActiveCfg = Release|Any CPU
		{4B520087-71DE-2D9F-38F8-D73BE9A8008C}.Release|Any CPU.Build.0 = Release|Any CPU
	EndGlobalSection
	GlobalSection(SolutionProperties) = preSolution
		HideSolutionNode = FALSE
	EndGlobalSection
	GlobalSection(MonoDevelopProperties) = preSolution
		StartupItem = Assembly-CSharp.csproj
	EndGlobalSection
EndGlobal
